
Microsoft Visual Studio Solution File, Format Version 12.00
# Visual Studio 15
VisualStudioVersion = 15.0.27428.2037
MinimumVisualStudioVersion = 10.0.40219.1
Project("{FAE04EC0-301F-11D3-BF4B-00C04F79EFBC}") = "TravailGitDL", "TravailGitDL\TravailGitDL.csproj", "{64EDB1DA-CAFE-419D-824D-441C0F5B2B5D}"
EndProject
Global
	GlobalSection(SolutionConfigurationPlatforms) = preSolution
		Debug|Any CPU = Debug|Any CPU
		Release|Any CPU = Release|Any CPU
	EndGlobalSection
	GlobalSection(ProjectConfigurationPlatforms) = postSolution
		{64EDB1DA-CAFE-419D-824D-441C0F5B2B5D}.Debug|Any CPU.ActiveCfg = Debug|Any CPU
		{64EDB1DA-CAFE-419D-824D-441C0F5B2B5D}.Debug|Any CPU.Build.0 = Debug|Any CPU
		{64EDB1DA-CAFE-419D-824D-441C0F5B2B5D}.Release|Any CPU.ActiveCfg = Release|Any CPU
		{64EDB1DA-CAFE-419D-824D-441C0F5B2B5D}.Release|Any CPU.Build.0 = Release|Any CPU
	EndGlobalSection
	GlobalSection(SolutionProperties) = preSolution
		HideSolutionNode = FALSE
	EndGlobalSection
	GlobalSection(ExtensibilityGlobals) = postSolution
		SolutionGuid = {D15D6EE2-1FA5-4FD1-B6F1-083924BE9612}
	EndGlobalSection
EndGlobal
